// !$*UTF8*$!
{
	archiveVersion = 1;
	classes = {
	};
	objectVersion = 77;
	objects = {

/* Begin PBXBuildFile section */
		0170EACCF6749B1A8F80FDF0 /* DictationService.swift in Sources */ = {isa = PBXBuildFile; fileRef = 5E72B79FFDBF1A5E40F24D03 /* DictationService.swift */; };
		064B9C99CBB1BC04CD9B7307 /* DateFormatting.swift in Sources */ = {isa = PBXBuildFile; fileRef = EACB0C14D460B93B91EF7A4E /* DateFormatting.swift */; };
		07C5FC33B29D4DA8AF1C3AC8 /* FeedViewModel.swift in Sources */ = {isa = PBXBuildFile; fileRef = 2FE01A8DEA5C1C23E8DF9CC2 /* FeedViewModel.swift */; };
		09C9FB765322951B0B772C3E /* User.swift in Sources */ = {isa = PBXBuildFile; fileRef = F125BEDE2BF4518F791F5480 /* User.swift */; };
		0AED7D88396FA52DF1F59258 /* SessionStore.swift in Sources */ = {isa = PBXBuildFile; fileRef = CED63FE3692D666375D4EF19 /* SessionStore.swift */; };
		1091720685F238A6212B62B4 /* OrgGraphView.swift in Sources */ = {isa = PBXBuildFile; fileRef = D9515750E6133D1846CBE8BD /* OrgGraphView.swift */; };
		131BFD9AEA2AE5B7236AF85D /* ClassicListView.swift in Sources */ = {isa = PBXBuildFile; fileRef = A981D6F1EEEC1410617B868C /* ClassicListView.swift */; };
		18A0FFC383332D02151C7865 /* AppLogo.swift in Sources */ = {isa = PBXBuildFile; fileRef = 6A6977E782E374C75800103F /* AppLogo.swift */; };
		18A535EC113EFAA017574C68 /* DelegatePickerSheet.swift in Sources */ = {isa = PBXBuildFile; fileRef = E7A10EBE53C8CBB5FEBB4BFF /* DelegatePickerSheet.swift */; };
		1935A4A91354E1D372E35B4F /* TikTokForWorkApp.swift in Sources */ = {isa = PBXBuildFile; fileRef = 838F0359CE87B5FE9153AE96 /* TikTokForWorkApp.swift */; };
		26ED53260B410867CAEF8292 /* OnboardingView.swift in Sources */ = {isa = PBXBuildFile; fileRef = 8DC83C320FA4447AE38B10C2 /* OnboardingView.swift */; };
		2D280564ADDED0AA2BF213A5 /* WebSocketService.swift in Sources */ = {isa = PBXBuildFile; fileRef = 050D0B7873E1D94841BB5228 /* WebSocketService.swift */; };
		350F705D26CC546C6AC7C89F /* AppTabBar.swift in Sources */ = {isa = PBXBuildFile; fileRef = C3FB7E93C4A2FDBC37D7DDC0 /* AppTabBar.swift */; };
		5A19319FA34978C0202AAF85 /* ReviseSheet.swift in Sources */ = {isa = PBXBuildFile; fileRef = CFD842FAD29BFAA978BC0DB8 /* ReviseSheet.swift */; };
		5B2137ED8A01082E09A11954 /* AppState.swift in Sources */ = {isa = PBXBuildFile; fileRef = 0ABD898A426994D5C516944E /* AppState.swift */; };
		6071898EB33DB5DA7FB25DCD /* AppShell.swift in Sources */ = {isa = PBXBuildFile; fileRef = 4BF5F4F8586DBA5624D8C6E0 /* AppShell.swift */; };
		61546F7DD25035887C83D192 /* Components.swift in Sources */ = {isa = PBXBuildFile; fileRef = 2E87DCC57193FEC4D70357DC /* Components.swift */; };
		657DDCB6385E9FB249AA8FC2 /* Theme.swift in Sources */ = {isa = PBXBuildFile; fileRef = 6296398BD566705F28FD07B2 /* Theme.swift */; };
		6A021F0DC477FDC75CDB2B40 /* AIService.swift in Sources */ = {isa = PBXBuildFile; fileRef = CE8AE6CFAEF8ACAFF6F00717 /* AIService.swift */; };
		6BC985B30F7277027E36BAD4 /* CaptureView.swift in Sources */ = {isa = PBXBuildFile; fileRef = 9B9A28AE759040145C8D6E1B /* CaptureView.swift */; };
		7B25EE3F560D8811A9AF8F4D /* AIInputSheet.swift in Sources */ = {isa = PBXBuildFile; fileRef = 90C4072B436581D5A87F9542 /* AIInputSheet.swift */; };
		890DC7776BFB95161547A003 /* DecisionCard.swift in Sources */ = {isa = PBXBuildFile; fileRef = 2F1C39E5BEABD558A524E5BC /* DecisionCard.swift */; };
		95290EBF4EDE097F8C064870 /* GitHubService.swift in Sources */ = {isa = PBXBuildFile; fileRef = E8E494243CEA2F9FA065D51B /* GitHubService.swift */; };
		9AF503FB481A7535CCBBAD27 /* ConnectGitHubSheet.swift in Sources */ = {isa = PBXBuildFile; fileRef = DB00CB1787CD8D394A541D50 /* ConnectGitHubSheet.swift */; };
		9F26CCB679703A63BC7E6D78 /* CaptureRequest.swift in Sources */ = {isa = PBXBuildFile; fileRef = D6018CEB31000BAFC422610C /* CaptureRequest.swift */; };
		A04E2998E3246DC60474F3A2 /* KindTag.swift in Sources */ = {isa = PBXBuildFile; fileRef = F2C2FBC9D12319E3D1DFE18B /* KindTag.swift */; };
		A246F9D7027598688FF9D323 /* CardDetailSheet.swift in Sources */ = {isa = PBXBuildFile; fileRef = DF8750E0FA2DD54342124E00 /* CardDetailSheet.swift */; };
		AF00A6C5624E178AF6832453 /* DecisionCardView.swift in Sources */ = {isa = PBXBuildFile; fileRef = 870CE31A57CEB684AFD1CF2D /* DecisionCardView.swift */; };
		B3C05C2EB5D07CE610D9EF38 /* DemoData.swift in Sources */ = {isa = PBXBuildFile; fileRef = 70FAE0760357D0881EDB6897 /* DemoData.swift */; };
		B5366DC8771C647880F5F221 /* OnboardingSwipeDemo.swift in Sources */ = {isa = PBXBuildFile; fileRef = 7E20E71BDCF8D85D17A57B2D /* OnboardingSwipeDemo.swift */; };
		BA8DFD51160FF62D51FD6028 /* AGUIEvent.swift in Sources */ = {isa = PBXBuildFile; fileRef = 9A20C47088BD0E9C4A863DBE /* AGUIEvent.swift */; };
		BA962F7429B93D6F10CA471E /* HomeSegmentedControl.swift in Sources */ = {isa = PBXBuildFile; fileRef = B5FABF72AC95FC94A0005B4C /* HomeSegmentedControl.swift */; };
		BAAB141A7F64E597E716A38D /* AgentModels.swift in Sources */ = {isa = PBXBuildFile; fileRef = 4A79579E123395F8C8DBED15 /* AgentModels.swift */; };
		C13135613DBDE03107A9D13C /* YouView.swift in Sources */ = {isa = PBXBuildFile; fileRef = 6D546AFB5C9B071037C5E9D9 /* YouView.swift */; };
		CBCE9EA9EC35BD41FF32D4D2 /* Localizable.xcstrings in Resources */ = {isa = PBXBuildFile; fileRef = B02EAAD1FAC6FF8A245C1A32 /* Localizable.xcstrings */; };
		D0E32BD4DAFFBDD20AA2AD2C /* FeedView.swift in Sources */ = {isa = PBXBuildFile; fileRef = EF594002A7A3A2A7FA072712 /* FeedView.swift */; };
		D50B528853838F4769A08FCD /* WebAuthContextProvider.swift in Sources */ = {isa = PBXBuildFile; fileRef = 893C6A0EF0BE688A3FF7653C /* WebAuthContextProvider.swift */; };
		DC8D27F537E8ACECB7FE9097 /* AppConfig.swift in Sources */ = {isa = PBXBuildFile; fileRef = C6C23763B3066E2A13F50B8D /* AppConfig.swift */; };
		DD58B03BE813A05DC302635A /* Assets.xcassets in Resources */ = {isa = PBXBuildFile; fileRef = 9A2EB4E8E9EE3FAA5CF579C5 /* Assets.xcassets */; };
		E6C4713C78AA0FF264BA9753 /* DecisionCardService.swift in Sources */ = {isa = PBXBuildFile; fileRef = 2E5DA40629B98A94601F06DC /* DecisionCardService.swift */; };
		E7A9679F6EB4E3A07796F260 /* UserSwitcherSheet.swift in Sources */ = {isa = PBXBuildFile; fileRef = 4F4AA4A684B4CEAA8EF8D4C5 /* UserSwitcherSheet.swift */; };
		E95180D025339346C7D339A3 /* RootView.swift in Sources */ = {isa = PBXBuildFile; fileRef = 47CDF511A64EC8A49063D0B1 /* RootView.swift */; };
		F0E1ACF8B655C80BE53223ED /* Organization.swift in Sources */ = {isa = PBXBuildFile; fileRef = 6F84E8680AEE5FAB69B6DCF4 /* Organization.swift */; };
		F5A9DA5AC7C4E5F5EE7EAFFE /* Haptics.swift in Sources */ = {isa = PBXBuildFile; fileRef = B2589D42E0E778318D5E0400 /* Haptics.swift */; };
		F695C1E907F7BDCE3F7C4A40 /* ProcessingOverlay.swift in Sources */ = {isa = PBXBuildFile; fileRef = 615243E6A7993EE5EC3D4569 /* ProcessingOverlay.swift */; };
		FB7D4EDE45C17FA2EA9D3CB8 /* ConicRing.swift in Sources */ = {isa = PBXBuildFile; fileRef = E8DF77ED1645CDC9CBE8C83A /* ConicRing.swift */; };
/* End PBXBuildFile section */

/* Begin PBXFileReference section */
		050D0B7873E1D94841BB5228 /* WebSocketService.swift */ = {isa = PBXFileReference; lastKnownFileType = sourcecode.swift; path = WebSocketService.swift; sourceTree = "<group>"; };
		0ABD898A426994D5C516944E /* AppState.swift */ = {isa = PBXFileReference; lastKnownFileType = sourcecode.swift; path = AppState.swift; sourceTree = "<group>"; };
		25118BB93999691339E80C91 /* Base.xcconfig */ = {isa = PBXFileReference; lastKnownFileType = text.xcconfig; path = Base.xcconfig; sourceTree = "<group>"; };
		2E5DA40629B98A94601F06DC /* DecisionCardService.swift */ = {isa = PBXFileReference; lastKnownFileType = sourcecode.swift; path = DecisionCardService.swift; sourceTree = "<group>"; };
		2E87DCC57193FEC4D70357DC /* Components.swift */ = {isa = PBXFileReference; lastKnownFileType = sourcecode.swift; path = Components.swift; sourceTree = "<group>"; };
		2F1C39E5BEABD558A524E5BC /* DecisionCard.swift */ = {isa = PBXFileReference; lastKnownFileType = sourcecode.swift; path = DecisionCard.swift; sourceTree = "<group>"; };
		2FE01A8DEA5C1C23E8DF9CC2 /* FeedViewModel.swift */ = {isa = PBXFileReference; lastKnownFileType = sourcecode.swift; path = FeedViewModel.swift; sourceTree = "<group>"; };
		47CDF511A64EC8A49063D0B1 /* RootView.swift */ = {isa = PBXFileReference; lastKnownFileType = sourcecode.swift; path = RootView.swift; sourceTree = "<group>"; };
		4A79579E123395F8C8DBED15 /* AgentModels.swift */ = {isa = PBXFileReference; lastKnownFileType = sourcecode.swift; path = AgentModels.swift; sourceTree = "<group>"; };
		4BF5F4F8586DBA5624D8C6E0 /* AppShell.swift */ = {isa = PBXFileReference; lastKnownFileType = sourcecode.swift; path = AppShell.swift; sourceTree = "<group>"; };
		4F4AA4A684B4CEAA8EF8D4C5 /* UserSwitcherSheet.swift */ = {isa = PBXFileReference; lastKnownFileType = sourcecode.swift; path = UserSwitcherSheet.swift; sourceTree = "<group>"; };
		5349B1ECC01DECCBD1B04E37 /* Info.plist */ = {isa = PBXFileReference; lastKnownFileType = text.plist; path = Info.plist; sourceTree = "<group>"; };
		5E72B79FFDBF1A5E40F24D03 /* DictationService.swift */ = {isa = PBXFileReference; lastKnownFileType = sourcecode.swift; path = DictationService.swift; sourceTree = "<group>"; };
		615243E6A7993EE5EC3D4569 /* ProcessingOverlay.swift */ = {isa = PBXFileReference; lastKnownFileType = sourcecode.swift; path = ProcessingOverlay.swift; sourceTree = "<group>"; };
		6296398BD566705F28FD07B2 /* Theme.swift */ = {isa = PBXFileReference; lastKnownFileType = sourcecode.swift; path = Theme.swift; sourceTree = "<group>"; };
		6A6977E782E374C75800103F /* AppLogo.swift */ = {isa = PBXFileReference; lastKnownFileType = sourcecode.swift; path = AppLogo.swift; sourceTree = "<group>"; };
		6D546AFB5C9B071037C5E9D9 /* YouView.swift */ = {isa = PBXFileReference; lastKnownFileType = sourcecode.swift; path = YouView.swift; sourceTree = "<group>"; };
		6F84E8680AEE5FAB69B6DCF4 /* Organization.swift */ = {isa = PBXFileReference; lastKnownFileType = sourcecode.swift; path = Organization.swift; sourceTree = "<group>"; };
		70FAE0760357D0881EDB6897 /* DemoData.swift */ = {isa = PBXFileReference; lastKnownFileType = sourcecode.swift; path = DemoData.swift; sourceTree = "<group>"; };
		7E20E71BDCF8D85D17A57B2D /* OnboardingSwipeDemo.swift */ = {isa = PBXFileReference; lastKnownFileType = sourcecode.swift; path = OnboardingSwipeDemo.swift; sourceTree = "<group>"; };
		838F0359CE87B5FE9153AE96 /* TikTokForWorkApp.swift */ = {isa = PBXFileReference; lastKnownFileType = sourcecode.swift; path = TikTokForWorkApp.swift; sourceTree = "<group>"; };
		870CE31A57CEB684AFD1CF2D /* DecisionCardView.swift */ = {isa = PBXFileReference; lastKnownFileType = sourcecode.swift; path = DecisionCardView.swift; sourceTree = "<group>"; };
		893C6A0EF0BE688A3FF7653C /* WebAuthContextProvider.swift */ = {isa = PBXFileReference; lastKnownFileType = sourcecode.swift; path = WebAuthContextProvider.swift; sourceTree = "<group>"; };
		8DC83C320FA4447AE38B10C2 /* OnboardingView.swift */ = {isa = PBXFileReference; lastKnownFileType = sourcecode.swift; path = OnboardingView.swift; sourceTree = "<group>"; };
		90C4072B436581D5A87F9542 /* AIInputSheet.swift */ = {isa = PBXFileReference; lastKnownFileType = sourcecode.swift; path = AIInputSheet.swift; sourceTree = "<group>"; };
		9A20C47088BD0E9C4A863DBE /* AGUIEvent.swift */ = {isa = PBXFileReference; lastKnownFileType = sourcecode.swift; path = AGUIEvent.swift; sourceTree = "<group>"; };
		9A2EB4E8E9EE3FAA5CF579C5 /* Assets.xcassets */ = {isa = PBXFileReference; lastKnownFileType = folder.assetcatalog; path = Assets.xcassets; sourceTree = "<group>"; };
		9B9A28AE759040145C8D6E1B /* CaptureView.swift */ = {isa = PBXFileReference; lastKnownFileType = sourcecode.swift; path = CaptureView.swift; sourceTree = "<group>"; };
		A981D6F1EEEC1410617B868C /* ClassicListView.swift */ = {isa = PBXFileReference; lastKnownFileType = sourcecode.swift; path = ClassicListView.swift; sourceTree = "<group>"; };
		B02EAAD1FAC6FF8A245C1A32 /* Localizable.xcstrings */ = {isa = PBXFileReference; lastKnownFileType = text.json.xcstrings; path = Localizable.xcstrings; sourceTree = "<group>"; };
		B2589D42E0E778318D5E0400 /* Haptics.swift */ = {isa = PBXFileReference; lastKnownFileType = sourcecode.swift; path = Haptics.swift; sourceTree = "<group>"; };
		B5FABF72AC95FC94A0005B4C /* HomeSegmentedControl.swift */ = {isa = PBXFileReference; lastKnownFileType = sourcecode.swift; path = HomeSegmentedControl.swift; sourceTree = "<group>"; };
		BA38108D0FC0E79C981A23CB /* TikTokForWork.app */ = {isa = PBXFileReference; includeInIndex = 0; lastKnownFileType = wrapper.application; path = TikTokForWork.app; sourceTree = BUILT_PRODUCTS_DIR; };
		C3FB7E93C4A2FDBC37D7DDC0 /* AppTabBar.swift */ = {isa = PBXFileReference; lastKnownFileType = sourcecode.swift; path = AppTabBar.swift; sourceTree = "<group>"; };
		C6C23763B3066E2A13F50B8D /* AppConfig.swift */ = {isa = PBXFileReference; lastKnownFileType = sourcecode.swift; path = AppConfig.swift; sourceTree = "<group>"; };
		CE8AE6CFAEF8ACAFF6F00717 /* AIService.swift */ = {isa = PBXFileReference; lastKnownFileType = sourcecode.swift; path = AIService.swift; sourceTree = "<group>"; };
		CED63FE3692D666375D4EF19 /* SessionStore.swift */ = {isa = PBXFileReference; lastKnownFileType = sourcecode.swift; path = SessionStore.swift; sourceTree = "<group>"; };
		CFD842FAD29BFAA978BC0DB8 /* ReviseSheet.swift */ = {isa = PBXFileReference; lastKnownFileType = sourcecode.swift; path = ReviseSheet.swift; sourceTree = "<group>"; };
		D6018CEB31000BAFC422610C /* CaptureRequest.swift */ = {isa = PBXFileReference; lastKnownFileType = sourcecode.swift; path = CaptureRequest.swift; sourceTree = "<group>"; };
		D9515750E6133D1846CBE8BD /* OrgGraphView.swift */ = {isa = PBXFileReference; lastKnownFileType = sourcecode.swift; path = OrgGraphView.swift; sourceTree = "<group>"; };
		DB00CB1787CD8D394A541D50 /* ConnectGitHubSheet.swift */ = {isa = PBXFileReference; lastKnownFileType = sourcecode.swift; path = ConnectGitHubSheet.swift; sourceTree = "<group>"; };
		DF8750E0FA2DD54342124E00 /* CardDetailSheet.swift */ = {isa = PBXFileReference; lastKnownFileType = sourcecode.swift; path = CardDetailSheet.swift; sourceTree = "<group>"; };
		E7A10EBE53C8CBB5FEBB4BFF /* DelegatePickerSheet.swift */ = {isa = PBXFileReference; lastKnownFileType = sourcecode.swift; path = DelegatePickerSheet.swift; sourceTree = "<group>"; };
		E8DF77ED1645CDC9CBE8C83A /* ConicRing.swift */ = {isa = PBXFileReference; lastKnownFileType = sourcecode.swift; path = ConicRing.swift; sourceTree = "<group>"; };
		E8E494243CEA2F9FA065D51B /* GitHubService.swift */ = {isa = PBXFileReference; lastKnownFileType = sourcecode.swift; path = GitHubService.swift; sourceTree = "<group>"; };
		EACB0C14D460B93B91EF7A4E /* DateFormatting.swift */ = {isa = PBXFileReference; lastKnownFileType = sourcecode.swift; path = DateFormatting.swift; sourceTree = "<group>"; };
		EF594002A7A3A2A7FA072712 /* FeedView.swift */ = {isa = PBXFileReference; lastKnownFileType = sourcecode.swift; path = FeedView.swift; sourceTree = "<group>"; };
		F125BEDE2BF4518F791F5480 /* User.swift */ = {isa = PBXFileReference; lastKnownFileType = sourcecode.swift; path = User.swift; sourceTree = "<group>"; };
		F2C2FBC9D12319E3D1DFE18B /* KindTag.swift */ = {isa = PBXFileReference; lastKnownFileType = sourcecode.swift; path = KindTag.swift; sourceTree = "<group>"; };
/* End PBXFileReference section */

/* Begin PBXGroup section */
		0183DCFD32BD1A663D6132B5 /* Products */ = {
			isa = PBXGroup;
			children = (
				BA38108D0FC0E79C981A23CB /* TikTokForWork.app */,
			);
			name = Products;
			sourceTree = "<group>";
		};
		0D66552077CBE38527164058 /* TikTokForWork */ = {
			isa = PBXGroup;
			children = (
				9A2EB4E8E9EE3FAA5CF579C5 /* Assets.xcassets */,
				5349B1ECC01DECCBD1B04E37 /* Info.plist */,
				B02EAAD1FAC6FF8A245C1A32 /* Localizable.xcstrings */,
				838F0359CE87B5FE9153AE96 /* TikTokForWorkApp.swift */,
				843E97B36FD0784BDCA77BA7 /* App */,
				8922EB839358D4852DAAA527 /* Data */,
				2C96FF6A7E8677BF186766B2 /* Design */,
				5A7028409E1096BE3C33EEE9 /* Features */,
				84C1257E4BF05D365EDFB730 /* Models */,
				944A4785A9104E7C15F0E422 /* Services */,
				4330E930C1D76ECBCD5F42DA /* ViewModels */,
			);
			path = TikTokForWork;
			sourceTree = "<group>";
		};
		2C96FF6A7E8677BF186766B2 /* Design */ = {
			isa = PBXGroup;
			children = (
				6A6977E782E374C75800103F /* AppLogo.swift */,
				2E87DCC57193FEC4D70357DC /* Components.swift */,
				E8DF77ED1645CDC9CBE8C83A /* ConicRing.swift */,
				EACB0C14D460B93B91EF7A4E /* DateFormatting.swift */,
				B2589D42E0E778318D5E0400 /* Haptics.swift */,
				615243E6A7993EE5EC3D4569 /* ProcessingOverlay.swift */,
				6296398BD566705F28FD07B2 /* Theme.swift */,
			);
			path = Design;
			sourceTree = "<group>";
		};
		4330E930C1D76ECBCD5F42DA /* ViewModels */ = {
			isa = PBXGroup;
			children = (
				2FE01A8DEA5C1C23E8DF9CC2 /* FeedViewModel.swift */,
			);
			path = ViewModels;
			sourceTree = "<group>";
		};
		5A7028409E1096BE3C33EEE9 /* Features */ = {
			isa = PBXGroup;
			children = (
				916070A0B2DF616E08283B9B /* Auth */,
				98A63014DF6DA008B1A66E81 /* Feed */,
				F3880634DB6D2CD50E9F9B7D /* Onboarding */,
				D14125CA6343D8755F5393CA /* Org */,
				6089F6EA8D19B342D8CF651E /* Shell */,
			);
			path = Features;
			sourceTree = "<group>";
		};
		6089F6EA8D19B342D8CF651E /* Shell */ = {
			isa = PBXGroup;
			children = (
				4BF5F4F8586DBA5624D8C6E0 /* AppShell.swift */,
				C3FB7E93C4A2FDBC37D7DDC0 /* AppTabBar.swift */,
				9B9A28AE759040145C8D6E1B /* CaptureView.swift */,
				A981D6F1EEEC1410617B868C /* ClassicListView.swift */,
				B5FABF72AC95FC94A0005B4C /* HomeSegmentedControl.swift */,
				6D546AFB5C9B071037C5E9D9 /* YouView.swift */,
			);
			path = Shell;
			sourceTree = "<group>";
		};
		843E97B36FD0784BDCA77BA7 /* App */ = {
			isa = PBXGroup;
			children = (
				C6C23763B3066E2A13F50B8D /* AppConfig.swift */,
				0ABD898A426994D5C516944E /* AppState.swift */,
				47CDF511A64EC8A49063D0B1 /* RootView.swift */,
			);
			path = App;
			sourceTree = "<group>";
		};
		84C1257E4BF05D365EDFB730 /* Models */ = {
			isa = PBXGroup;
			children = (
				4A79579E123395F8C8DBED15 /* AgentModels.swift */,
				D6018CEB31000BAFC422610C /* CaptureRequest.swift */,
				2F1C39E5BEABD558A524E5BC /* DecisionCard.swift */,
				6F84E8680AEE5FAB69B6DCF4 /* Organization.swift */,
				F125BEDE2BF4518F791F5480 /* User.swift */,
			);
			path = Models;
			sourceTree = "<group>";
		};
		8922EB839358D4852DAAA527 /* Data */ = {
			isa = PBXGroup;
			children = (
				70FAE0760357D0881EDB6897 /* DemoData.swift */,
			);
			path = Data;
			sourceTree = "<group>";
		};
		916070A0B2DF616E08283B9B /* Auth */ = {
			isa = PBXGroup;
			children = (
				DB00CB1787CD8D394A541D50 /* ConnectGitHubSheet.swift */,
			);
			path = Auth;
			sourceTree = "<group>";
		};
		944A4785A9104E7C15F0E422 /* Services */ = {
			isa = PBXGroup;
			children = (
				9A20C47088BD0E9C4A863DBE /* AGUIEvent.swift */,
				CE8AE6CFAEF8ACAFF6F00717 /* AIService.swift */,
				2E5DA40629B98A94601F06DC /* DecisionCardService.swift */,
				5E72B79FFDBF1A5E40F24D03 /* DictationService.swift */,
				E8E494243CEA2F9FA065D51B /* GitHubService.swift */,
				CED63FE3692D666375D4EF19 /* SessionStore.swift */,
				893C6A0EF0BE688A3FF7653C /* WebAuthContextProvider.swift */,
				050D0B7873E1D94841BB5228 /* WebSocketService.swift */,
			);
			path = Services;
			sourceTree = "<group>";
		};
		98A63014DF6DA008B1A66E81 /* Feed */ = {
			isa = PBXGroup;
			children = (
				90C4072B436581D5A87F9542 /* AIInputSheet.swift */,
				DF8750E0FA2DD54342124E00 /* CardDetailSheet.swift */,
				870CE31A57CEB684AFD1CF2D /* DecisionCardView.swift */,
				E7A10EBE53C8CBB5FEBB4BFF /* DelegatePickerSheet.swift */,
				EF594002A7A3A2A7FA072712 /* FeedView.swift */,
				F2C2FBC9D12319E3D1DFE18B /* KindTag.swift */,
				CFD842FAD29BFAA978BC0DB8 /* ReviseSheet.swift */,
				4F4AA4A684B4CEAA8EF8D4C5 /* UserSwitcherSheet.swift */,
			);
			path = Feed;
			sourceTree = "<group>";
		};
		D0850E186A410FFC54953FED = {
			isa = PBXGroup;
			children = (
				F314528208CDCE01609E08F3 /* Config */,
				0D66552077CBE38527164058 /* TikTokForWork */,
				0183DCFD32BD1A663D6132B5 /* Products */,
			);
			sourceTree = "<group>";
		};
		D14125CA6343D8755F5393CA /* Org */ = {
			isa = PBXGroup;
			children = (
				D9515750E6133D1846CBE8BD /* OrgGraphView.swift */,
			);
			path = Org;
			sourceTree = "<group>";
		};
		F314528208CDCE01609E08F3 /* Config */ = {
			isa = PBXGroup;
			children = (
				25118BB93999691339E80C91 /* Base.xcconfig */,
			);
			path = Config;
			sourceTree = "<group>";
		};
		F3880634DB6D2CD50E9F9B7D /* Onboarding */ = {
			isa = PBXGroup;
			children = (
				7E20E71BDCF8D85D17A57B2D /* OnboardingSwipeDemo.swift */,
				8DC83C320FA4447AE38B10C2 /* OnboardingView.swift */,
			);
			path = Onboarding;
			sourceTree = "<group>";
		};
/* End PBXGroup section */

/* Begin PBXNativeTarget section */
		3ECF3122F6C22D5E631797BA /* TikTokForWork */ = {
			isa = PBXNativeTarget;
			buildConfigurationList = 0E361BC480E80C517FD404A3 /* Build configuration list for PBXNativeTarget "TikTokForWork" */;
			buildPhases = (
				90C8711A81F7C55A59F4F1DF /* Sources */,
				8F078B0B967771819729D3BB /* Resources */,
			);
			buildRules = (
			);
			dependencies = (
			);
			name = TikTokForWork;
			packageProductDependencies = (
			);
			productName = TikTokForWork;
			productReference = BA38108D0FC0E79C981A23CB /* TikTokForWork.app */;
			productType = "com.apple.product-type.application";
		};
/* End PBXNativeTarget section */

/* Begin PBXProject section */
		135D92C2583FCD7AA9286EB7 /* Project object */ = {
			isa = PBXProject;
			attributes = {
				BuildIndependentTargetsInParallel = YES;
				LastUpgradeCheck = 1600;
				TargetAttributes = {
					3ECF3122F6C22D5E631797BA = {
						DevelopmentTeam = "";
					};
				};
			};
			buildConfigurationList = E8D3BAA52B272CF428CB96BE /* Build configuration list for PBXProject "TikTokForWork" */;
			developmentRegion = en;
			hasScannedForEncodings = 0;
			knownRegions = (
				Base,
				en,
				ja,
			);
			mainGroup = D0850E186A410FFC54953FED;
			minimizedProjectReferenceProxies = 1;
			preferredProjectObjectVersion = 77;
			productRefGroup = 0183DCFD32BD1A663D6132B5 /* Products */;
			projectDirPath = "";
			projectRoot = "";
			targets = (
				3ECF3122F6C22D5E631797BA /* TikTokForWork */,
			);
		};
/* End PBXProject section */

/* Begin PBXResourcesBuildPhase section */
		8F078B0B967771819729D3BB /* Resources */ = {
			isa = PBXResourcesBuildPhase;
			buildActionMask = 2147483647;
			files = (
				DD58B03BE813A05DC302635A /* Assets.xcassets in Resources */,
				CBCE9EA9EC35BD41FF32D4D2 /* Localizable.xcstrings in Resources */,
			);
			runOnlyForDeploymentPostprocessing = 0;
		};
/* End PBXResourcesBuildPhase section */

/* Begin PBXSourcesBuildPhase section */
		90C8711A81F7C55A59F4F1DF /* Sources */ = {
			isa = PBXSourcesBuildPhase;
			buildActionMask = 2147483647;
			files = (
				BA8DFD51160FF62D51FD6028 /* AGUIEvent.swift in Sources */,
				7B25EE3F560D8811A9AF8F4D /* AIInputSheet.swift in Sources */,
				6A021F0DC477FDC75CDB2B40 /* AIService.swift in Sources */,
				BAAB141A7F64E597E716A38D /* AgentModels.swift in Sources */,
				DC8D27F537E8ACECB7FE9097 /* AppConfig.swift in Sources */,
				18A0FFC383332D02151C7865 /* AppLogo.swift in Sources */,
				6071898EB33DB5DA7FB25DCD /* AppShell.swift in Sources */,
				5B2137ED8A01082E09A11954 /* AppState.swift in Sources */,
				350F705D26CC546C6AC7C89F /* AppTabBar.swift in Sources */,
				9F26CCB679703A63BC7E6D78 /* CaptureRequest.swift in Sources */,
				6BC985B30F7277027E36BAD4 /* CaptureView.swift in Sources */,
				A246F9D7027598688FF9D323 /* CardDetailSheet.swift in Sources */,
				131BFD9AEA2AE5B7236AF85D /* ClassicListView.swift in Sources */,
				61546F7DD25035887C83D192 /* Components.swift in Sources */,
				FB7D4EDE45C17FA2EA9D3CB8 /* ConicRing.swift in Sources */,
				9AF503FB481A7535CCBBAD27 /* ConnectGitHubSheet.swift in Sources */,
				064B9C99CBB1BC04CD9B7307 /* DateFormatting.swift in Sources */,
				890DC7776BFB95161547A003 /* DecisionCard.swift in Sources */,
				E6C4713C78AA0FF264BA9753 /* DecisionCardService.swift in Sources */,
				AF00A6C5624E178AF6832453 /* DecisionCardView.swift in Sources */,
				18A535EC113EFAA017574C68 /* DelegatePickerSheet.swift in Sources */,
				B3C05C2EB5D07CE610D9EF38 /* DemoData.swift in Sources */,
				0170EACCF6749B1A8F80FDF0 /* DictationService.swift in Sources */,
				D0E32BD4DAFFBDD20AA2AD2C /* FeedView.swift in Sources */,
				07C5FC33B29D4DA8AF1C3AC8 /* FeedViewModel.swift in Sources */,
				95290EBF4EDE097F8C064870 /* GitHubService.swift in Sources */,
				F5A9DA5AC7C4E5F5EE7EAFFE /* Haptics.swift in Sources */,
				BA962F7429B93D6F10CA471E /* HomeSegmentedControl.swift in Sources */,
				A04E2998E3246DC60474F3A2 /* KindTag.swift in Sources */,
				B5366DC8771C647880F5F221 /* OnboardingSwipeDemo.swift in Sources */,
				26ED53260B410867CAEF8292 /* OnboardingView.swift in Sources */,
				1091720685F238A6212B62B4 /* OrgGraphView.swift in Sources */,
				F0E1ACF8B655C80BE53223ED /* Organization.swift in Sources */,
				F695C1E907F7BDCE3F7C4A40 /* ProcessingOverlay.swift in Sources */,
				5A19319FA34978C0202AAF85 /* ReviseSheet.swift in Sources */,
				E95180D025339346C7D339A3 /* RootView.swift in Sources */,
				0AED7D88396FA52DF1F59258 /* SessionStore.swift in Sources */,
				657DDCB6385E9FB249AA8FC2 /* Theme.swift in Sources */,
				1935A4A91354E1D372E35B4F /* TikTokForWorkApp.swift in Sources */,
				09C9FB765322951B0B772C3E /* User.swift in Sources */,
				E7A9679F6EB4E3A07796F260 /* UserSwitcherSheet.swift in Sources */,
				D50B528853838F4769A08FCD /* WebAuthContextProvider.swift in Sources */,
				2D280564ADDED0AA2BF213A5 /* WebSocketService.swift in Sources */,
				C13135613DBDE03107A9D13C /* YouView.swift in Sources */,
			);
			runOnlyForDeploymentPostprocessing = 0;
		};
/* End PBXSourcesBuildPhase section */

/* Begin XCBuildConfiguration section */
		0BAF73DC223A1CF61319712C /* Release */ = {
			isa = XCBuildConfiguration;
			buildSettings = {
				ALWAYS_SEARCH_USER_PATHS = NO;
				CLANG_ANALYZER_NONNULL = YES;
				CLANG_ANALYZER_NUMBER_OBJECT_CONVERSION = YES_AGGRESSIVE;
				CLANG_CXX_LANGUAGE_STANDARD = "gnu++14";
				CLANG_CXX_LIBRARY = "libc++";
				CLANG_ENABLE_MODULES = YES;
				CLANG_ENABLE_OBJC_ARC = YES;
				CLANG_ENABLE_OBJC_WEAK = YES;
				CLANG_WARN_BLOCK_CAPTURE_AUTORELEASING = YES;
				CLANG_WARN_BOOL_CONVERSION = YES;
				CLANG_WARN_COMMA = YES;
				CLANG_WARN_CONSTANT_CONVERSION = YES;
				CLANG_WARN_DEPRECATED_OBJC_IMPLEMENTATIONS = YES;
				CLANG_WARN_DIRECT_OBJC_ISA_USAGE = YES_ERROR;
				CLANG_WARN_DOCUMENTATION_COMMENTS = YES;
				CLANG_WARN_EMPTY_BODY = YES;
				CLANG_WARN_ENUM_CONVERSION = YES;
				CLANG_WARN_INFINITE_RECURSION = YES;
				CLANG_WARN_INT_CONVERSION = YES;
				CLANG_WARN_NON_LITERAL_NULL_CONVERSION = YES;
				CLANG_WARN_OBJC_IMPLICIT_RETAIN_SELF = YES;
				CLANG_WARN_OBJC_LITERAL_CONVERSION = YES;
				CLANG_WARN_OBJC_ROOT_CLASS = YES_ERROR;
				CLANG_WARN_QUOTED_INCLUDE_IN_FRAMEWORK_HEADER = YES;
				CLANG_WARN_RANGE_LOOP_ANALYSIS = YES;
				CLANG_WARN_STRICT_PROTOTYPES = YES;
				CLANG_WARN_SUSPICIOUS_MOVE = YES;
				CLANG_WARN_UNGUARDED_AVAILABILITY = YES_AGGRESSIVE;
				CLANG_WARN_UNREACHABLE_CODE = YES;
				CLANG_WARN__DUPLICATE_METHOD_MATCH = YES;
				CODE_SIGN_STYLE = Automatic;
				COPY_PHASE_STRIP = NO;
				DEBUG_INFORMATION_FORMAT = "dwarf-with-dsym";
				DEVELOPMENT_TEAM = "";
				ENABLE_NS_ASSERTIONS = NO;
				ENABLE_STRICT_OBJC_MSGSEND = YES;
				GCC_C_LANGUAGE_STANDARD = gnu11;
				GCC_NO_COMMON_BLOCKS = YES;
				GCC_WARN_64_TO_32_BIT_CONVERSION = YES;
				GCC_WARN_ABOUT_RETURN_TYPE = YES_ERROR;
				GCC_WARN_UNDECLARED_SELECTOR = YES;
				GCC_WARN_UNINITIALIZED_AUTOS = YES_AGGRESSIVE;
				GCC_WARN_UNUSED_FUNCTION = YES;
				GCC_WARN_UNUSED_VARIABLE = YES;
				IPHONEOS_DEPLOYMENT_TARGET = 17.0;
				MTL_ENABLE_DEBUG_INFO = NO;
				MTL_FAST_MATH = YES;
				PRODUCT_NAME = "$(TARGET_NAME)";
				SDKROOT = iphoneos;
				SWIFT_COMPILATION_MODE = wholemodule;
				SWIFT_OPTIMIZATION_LEVEL = "-O";
				SWIFT_VERSION = 5.9;
			};
			name = Release;
		};
		182B4AEFA1F088E8D4A42221 /* Debug */ = {
			isa = XCBuildConfiguration;
			baseConfigurationReference = 25118BB93999691339E80C91 /* Base.xcconfig */;
			buildSettings = {
				ASSETCATALOG_COMPILER_APPICON_NAME = AppIcon;
				ASSETCATALOG_COMPILER_GLOBAL_ACCENT_COLOR_NAME = AccentColor;
				CODE_SIGN_IDENTITY = "iPhone Developer";
				CURRENT_PROJECT_VERSION = 1;
				GENERATE_INFOPLIST_FILE = YES;
				INFOPLIST_FILE = TikTokForWork/Info.plist;
				INFOPLIST_KEY_CFBundleDisplayName = "Honmaru AI";
				INFOPLIST_KEY_NSLocalNetworkUsageDescription = "Sync decision cards with your team in real time.";
				INFOPLIST_KEY_UIApplicationSceneManifest_Generation = YES;
				INFOPLIST_KEY_UILaunchScreen_Generation = YES;
				INFOPLIST_KEY_UISupportedInterfaceOrientations = UIInterfaceOrientationPortrait;
				LD_RUNPATH_SEARCH_PATHS = (
					"$(inherited)",
					"@executable_path/Frameworks",
				);
				MARKETING_VERSION = 1.0;
				PRODUCT_BUNDLE_IDENTIFIER = com.honmaru.ai;
				SDKROOT = iphoneos;
				TARGETED_DEVICE_FAMILY = 1;
			};
			name = Debug;
		};
		729B3CFD6D4D3B1575874C21 /* Release */ = {
			isa = XCBuildConfiguration;
			baseConfigurationReference = 25118BB93999691339E80C91 /* Base.xcconfig */;
			buildSettings = {
				ASSETCATALOG_COMPILER_APPICON_NAME = AppIcon;
				ASSETCATALOG_COMPILER_GLOBAL_ACCENT_COLOR_NAME = AccentColor;
				CODE_SIGN_IDENTITY = "iPhone Distribution";
				CODE_SIGN_STYLE = Manual;
				CURRENT_PROJECT_VERSION = 1;
				GENERATE_INFOPLIST_FILE = YES;
				INFOPLIST_FILE = TikTokForWork/Info.plist;
				INFOPLIST_KEY_CFBundleDisplayName = "Honmaru AI";
				INFOPLIST_KEY_NSLocalNetworkUsageDescription = "Sync decision cards with your team in real time.";
				INFOPLIST_KEY_UIApplicationSceneManifest_Generation = YES;
				INFOPLIST_KEY_UILaunchScreen_Generation = YES;
				INFOPLIST_KEY_UISupportedInterfaceOrientations = UIInterfaceOrientationPortrait;
				LD_RUNPATH_SEARCH_PATHS = (
					"$(inherited)",
					"@executable_path/Frameworks",
				);
				MARKETING_VERSION = 1.0;
				PRODUCT_BUNDLE_IDENTIFIER = com.honmaru.ai;
				PROVISIONING_PROFILE_SPECIFIER = "HonmaruAI AppStore";
				SDKROOT = iphoneos;
				TARGETED_DEVICE_FAMILY = 1;
			};
			name = Release;
		};
		86ACC7A4BCEBEE45292C513A /* Debug */ = {
			isa = XCBuildConfiguration;
			buildSettings = {
				ALWAYS_SEARCH_USER_PATHS = NO;
				CLANG_ANALYZER_NONNULL = YES;
				CLANG_ANALYZER_NUMBER_OBJECT_CONVERSION = YES_AGGRESSIVE;
				CLANG_CXX_LANGUAGE_STANDARD = "gnu++14";
				CLANG_CXX_LIBRARY = "libc++";
				CLANG_ENABLE_MODULES = YES;
				CLANG_ENABLE_OBJC_ARC = YES;
				CLANG_ENABLE_OBJC_WEAK = YES;
				CLANG_WARN_BLOCK_CAPTURE_AUTORELEASING = YES;
				CLANG_WARN_BOOL_CONVERSION = YES;
				CLANG_WARN_COMMA = YES;
				CLANG_WARN_CONSTANT_CONVERSION = YES;
				CLANG_WARN_DEPRECATED_OBJC_IMPLEMENTATIONS = YES;
				CLANG_WARN_DIRECT_OBJC_ISA_USAGE = YES_ERROR;
				CLANG_WARN_DOCUMENTATION_COMMENTS = YES;
				CLANG_WARN_EMPTY_BODY = YES;
				CLANG_WARN_ENUM_CONVERSION = YES;
				CLANG_WARN_INFINITE_RECURSION = YES;
				CLANG_WARN_INT_CONVERSION = YES;
				CLANG_WARN_NON_LITERAL_NULL_CONVERSION = YES;
				CLANG_WARN_OBJC_IMPLICIT_RETAIN_SELF = YES;
				CLANG_WARN_OBJC_LITERAL_CONVERSION = YES;
				CLANG_WARN_OBJC_ROOT_CLASS = YES_ERROR;
				CLANG_WARN_QUOTED_INCLUDE_IN_FRAMEWORK_HEADER = YES;
				CLANG_WARN_RANGE_LOOP_ANALYSIS = YES;
				CLANG_WARN_STRICT_PROTOTYPES = YES;
				CLANG_WARN_SUSPICIOUS_MOVE = YES;
				CLANG_WARN_UNGUARDED_AVAILABILITY = YES_AGGRESSIVE;
				CLANG_WARN_UNREACHABLE_CODE = YES;
				CLANG_WARN__DUPLICATE_METHOD_MATCH = YES;
				CODE_SIGN_STYLE = Automatic;
				COPY_PHASE_STRIP = NO;
				DEBUG_INFORMATION_FORMAT = dwarf;
				DEVELOPMENT_TEAM = "";
				ENABLE_STRICT_OBJC_MSGSEND = YES;
				ENABLE_TESTABILITY = YES;
				GCC_C_LANGUAGE_STANDARD = gnu11;
				GCC_DYNAMIC_NO_PIC = NO;
				GCC_NO_COMMON_BLOCKS = YES;
				GCC_OPTIMIZATION_LEVEL = 0;
				GCC_PREPROCESSOR_DEFINITIONS = (
					"$(inherited)",
					"DEBUG=1",
				);
				GCC_WARN_64_TO_32_BIT_CONVERSION = YES;
				GCC_WARN_ABOUT_RETURN_TYPE = YES_ERROR;
				GCC_WARN_UNDECLARED_SELECTOR = YES;
				GCC_WARN_UNINITIALIZED_AUTOS = YES_AGGRESSIVE;
				GCC_WARN_UNUSED_FUNCTION = YES;
				GCC_WARN_UNUSED_VARIABLE = YES;
				IPHONEOS_DEPLOYMENT_TARGET = 17.0;
				MTL_ENABLE_DEBUG_INFO = INCLUDE_SOURCE;
				MTL_FAST_MATH = YES;
				ONLY_ACTIVE_ARCH = YES;
				PRODUCT_NAME = "$(TARGET_NAME)";
				SDKROOT = iphoneos;
				SWIFT_ACTIVE_COMPILATION_CONDITIONS = DEBUG;
				SWIFT_OPTIMIZATION_LEVEL = "-Onone";
				SWIFT_VERSION = 5.9;
			};
			name = Debug;
		};
/* End XCBuildConfiguration section */

/* Begin XCConfigurationList section */
		0E361BC480E80C517FD404A3 /* Build configuration list for PBXNativeTarget "TikTokForWork" */ = {
			isa = XCConfigurationList;
			buildConfigurations = (
				182B4AEFA1F088E8D4A42221 /* Debug */,
				729B3CFD6D4D3B1575874C21 /* Release */,
			);
			defaultConfigurationIsVisible = 0;
			defaultConfigurationName = Debug;
		};
		E8D3BAA52B272CF428CB96BE /* Build configuration list for PBXProject "TikTokForWork" */ = {
			isa = XCConfigurationList;
			buildConfigurations = (
				86ACC7A4BCEBEE45292C513A /* Debug */,
				0BAF73DC223A1CF61319712C /* Release */,
			);
			defaultConfigurationIsVisible = 0;
			defaultConfigurationName = Debug;
		};
/* End XCConfigurationList section */
	};
	rootObject = 135D92C2583FCD7AA9286EB7 /* Project object */;
}
